
Microsoft Visual Studio Solution File, Format Version 9.00
# Visual Studio 2005
Project("{8BC9CEB8-8B4A-11D0-8D11-00A0C91BC942}") = "SOP_Cuda", "SOP_Cuda\SOP_Cuda.vcproj", "{033CD44D-98AA-437D-ABEA-CA3B651A7479}"
EndProject
Global
	GlobalSection(SolutionConfigurationPlatforms) = preSolution
		DebugH11.0|Win32 = DebugH11.0|Win32
		DebugH11.0|x64 = DebugH11.0|x64
		DebugH11.1|Win32 = DebugH11.1|Win32
		DebugH11.1|x64 = DebugH11.1|x64
		ReleaseH11.0|Win32 = ReleaseH11.0|Win32
		ReleaseH11.0|x64 = ReleaseH11.0|x64
		ReleaseH11.1|Win32 = ReleaseH11.1|Win32
		ReleaseH11.1|x64 = ReleaseH11.1|x64
	EndGlobalSection
	GlobalSection(ProjectConfigurationPlatforms) = postSolution
		{033CD44D-98AA-437D-ABEA-CA3B651A7479}.DebugH11.0|Win32.ActiveCfg = DebugH11.0|Win32
		{033CD44D-98AA-437D-ABEA-CA3B651A7479}.DebugH11.0|Win32.Build.0 = DebugH11.0|Win32
		{033CD44D-98AA-437D-ABEA-CA3B651A7479}.DebugH11.0|x64.ActiveCfg = DebugH11.0|x64
		{033CD44D-98AA-437D-ABEA-CA3B651A7479}.DebugH11.0|x64.Build.0 = DebugH11.0|x64
		{033CD44D-98AA-437D-ABEA-CA3B651A7479}.DebugH11.1|Win32.ActiveCfg = DebugH11.1|Win32
		{033CD44D-98AA-437D-ABEA-CA3B651A7479}.DebugH11.1|Win32.Build.0 = DebugH11.1|Win32
		{033CD44D-98AA-437D-ABEA-CA3B651A7479}.DebugH11.1|x64.ActiveCfg = DebugH11.1|x64
		{033CD44D-98AA-437D-ABEA-CA3B651A7479}.DebugH11.1|x64.Build.0 = DebugH11.1|x64
		{033CD44D-98AA-437D-ABEA-CA3B651A7479}.ReleaseH11.0|Win32.ActiveCfg = ReleaseH11.0|Win32
		{033CD44D-98AA-437D-ABEA-CA3B651A7479}.ReleaseH11.0|Win32.Build.0 = ReleaseH11.0|Win32
		{033CD44D-98AA-437D-ABEA-CA3B651A7479}.ReleaseH11.0|x64.ActiveCfg = ReleaseH11.0|x64
		{033CD44D-98AA-437D-ABEA-CA3B651A7479}.ReleaseH11.0|x64.Build.0 = ReleaseH11.0|x64
		{033CD44D-98AA-437D-ABEA-CA3B651A7479}.ReleaseH11.1|Win32.ActiveCfg = ReleaseH11.1|Win32
		{033CD44D-98AA-437D-ABEA-CA3B651A7479}.ReleaseH11.1|Win32.Build.0 = ReleaseH11.1|Win32
		{033CD44D-98AA-437D-ABEA-CA3B651A7479}.ReleaseH11.1|x64.ActiveCfg = ReleaseH11.1|x64
		{033CD44D-98AA-437D-ABEA-CA3B651A7479}.ReleaseH11.1|x64.Build.0 = ReleaseH11.1|x64
	EndGlobalSection
	GlobalSection(SolutionProperties) = preSolution
		HideSolutionNode = FALSE
	EndGlobalSection
EndGlobal
