
Microsoft Visual Studio Solution File, Format Version 10.00
# Visual Studio 2008
Project("{8BC9CEB8-8B4A-11D0-8D11-00A0C91BC942}") = "VHCudaFluid3D", "VHCudaFluid3D\VHCudaFluid3D.vcproj", "{D9F23BC7-1D63-4656-B111-688EDA9ECAA7}"
EndProject
Project("{8BC9CEB8-8B4A-11D0-8D11-00A0C91BC942}") = "VHCudaFluid", "VHCudaFluid\VHCudaFluid.vcproj", "{73BDB217-5177-411C-9C24-D6D5AE9B1E4E}"
EndProject
Project("{8BC9CEB8-8B4A-11D0-8D11-00A0C91BC942}") = "VHCudaPartsFluid", "VHCudaPartsFluid\VHCudaPartsFluid.vcproj", "{2B1BBDBE-6218-443A-A8AA-563EF91B4516}"
EndProject
Global
	GlobalSection(SolutionConfigurationPlatforms) = preSolution
		Debug|Win32 = Debug|Win32
		Debug|x64 = Debug|x64
		Release|Win32 = Release|Win32
		Release|x64 = Release|x64
	EndGlobalSection
	GlobalSection(ProjectConfigurationPlatforms) = postSolution
		{D9F23BC7-1D63-4656-B111-688EDA9ECAA7}.Debug|Win32.ActiveCfg = Debug|Win32
		{D9F23BC7-1D63-4656-B111-688EDA9ECAA7}.Debug|Win32.Build.0 = Debug|Win32
		{D9F23BC7-1D63-4656-B111-688EDA9ECAA7}.Debug|x64.ActiveCfg = Debug|x64
		{D9F23BC7-1D63-4656-B111-688EDA9ECAA7}.Debug|x64.Build.0 = Debug|x64
		{D9F23BC7-1D63-4656-B111-688EDA9ECAA7}.Release|Win32.ActiveCfg = Release|Win32
		{D9F23BC7-1D63-4656-B111-688EDA9ECAA7}.Release|Win32.Build.0 = Release|Win32
		{D9F23BC7-1D63-4656-B111-688EDA9ECAA7}.Release|x64.ActiveCfg = Release|x64
		{D9F23BC7-1D63-4656-B111-688EDA9ECAA7}.Release|x64.Build.0 = Release|x64
		{73BDB217-5177-411C-9C24-D6D5AE9B1E4E}.Debug|Win32.ActiveCfg = Debug|Win32
		{73BDB217-5177-411C-9C24-D6D5AE9B1E4E}.Debug|Win32.Build.0 = Debug|Win32
		{73BDB217-5177-411C-9C24-D6D5AE9B1E4E}.Debug|x64.ActiveCfg = Debug|x64
		{73BDB217-5177-411C-9C24-D6D5AE9B1E4E}.Release|Win32.ActiveCfg = Release|Win32
		{73BDB217-5177-411C-9C24-D6D5AE9B1E4E}.Release|Win32.Build.0 = Release|Win32
		{73BDB217-5177-411C-9C24-D6D5AE9B1E4E}.Release|x64.ActiveCfg = Release|x64
		{73BDB217-5177-411C-9C24-D6D5AE9B1E4E}.Release|x64.Build.0 = Release|x64
		{2B1BBDBE-6218-443A-A8AA-563EF91B4516}.Debug|Win32.ActiveCfg = Debug|Win32
		{2B1BBDBE-6218-443A-A8AA-563EF91B4516}.Debug|Win32.Build.0 = Debug|Win32
		{2B1BBDBE-6218-443A-A8AA-563EF91B4516}.Debug|x64.ActiveCfg = Debug|x64
		{2B1BBDBE-6218-443A-A8AA-563EF91B4516}.Debug|x64.Build.0 = Debug|x64
		{2B1BBDBE-6218-443A-A8AA-563EF91B4516}.Release|Win32.ActiveCfg = Release|Win32
		{2B1BBDBE-6218-443A-A8AA-563EF91B4516}.Release|Win32.Build.0 = Release|Win32
		{2B1BBDBE-6218-443A-A8AA-563EF91B4516}.Release|x64.ActiveCfg = Release|x64
		{2B1BBDBE-6218-443A-A8AA-563EF91B4516}.Release|x64.Build.0 = Release|x64
	EndGlobalSection
	GlobalSection(SolutionProperties) = preSolution
		HideSolutionNode = FALSE
	EndGlobalSection
EndGlobal
